// !$*UTF8*$!
{
	archiveVersion = 1;
	classes = {
	};
	objectVersion = 50;
	objects = {

/* Begin PBXBuildFile section */
		5E7098CF26077CA100CCBEE4 /* main.c in Sources */ = {isa = PBXBuildFile; fileRef = 5E7098CE26077CA100CCBEE4 /* main.c */; };
		5E7098D926077CBF00CCBEE4 /* lfsr.c in Sources */ = {isa = PBXBuildFile; fileRef = 5E7098D826077CBF00CCBEE4 /* lfsr.c */; };
		5E713CCB26092CDA005C1585 /* pnm.c in Sources */ = {isa = PBXBuildFile; fileRef = 5E713CC926092CDA005C1585 /* pnm.c */; };
/* End PBXBuildFile section */

/* Begin PBXCopyFilesBuildPhase section */
		5E7098C926077CA100CCBEE4 /* CopyFiles */ = {
			isa = PBXCopyFilesBuildPhase;
			buildActionMask = 2147483647;
			dstPath = /usr/share/man/man1/;
			dstSubfolderSpec = 0;
			files = (
			);
			runOnlyForDeploymentPostprocessing = 1;
		};
/* End PBXCopyFilesBuildPhase section */

/* Begin PBXFileReference section */
		5E7098CB26077CA100CCBEE4 /* lfsr */ = {isa = PBXFileReference; explicitFileType = "compiled.mach-o.executable"; includeInIndex = 0; path = lfsr; sourceTree = BUILT_PRODUCTS_DIR; };
		5E7098CE26077CA100CCBEE4 /* main.c */ = {isa = PBXFileReference; indentWidth = 3; lastKnownFileType = sourcecode.c.c; path = main.c; sourceTree = "<group>"; tabWidth = 3; };
		5E7098D626077CAF00CCBEE4 /* chiffrement(2).pdf */ = {isa = PBXFileReference; lastKnownFileType = image.pdf; path = "chiffrement(2).pdf"; sourceTree = "<group>"; };
		5E7098D726077CBF00CCBEE4 /* lfsr.h */ = {isa = PBXFileReference; lastKnownFileType = sourcecode.c.h; path = lfsr.h; sourceTree = "<group>"; };
		5E7098D826077CBF00CCBEE4 /* lfsr.c */ = {isa = PBXFileReference; lastKnownFileType = sourcecode.c.c; path = lfsr.c; sourceTree = "<group>"; };
		5E713CC926092CDA005C1585 /* pnm.c */ = {isa = PBXFileReference; fileEncoding = 4; lastKnownFileType = sourcecode.c.c; path = pnm.c; sourceTree = "<group>"; };
		5E713CCA26092CDA005C1585 /* pnm.h */ = {isa = PBXFileReference; fileEncoding = 4; lastKnownFileType = sourcecode.c.h; path = pnm.h; sourceTree = "<group>"; };
/* End PBXFileReference section */

/* Begin PBXFrameworksBuildPhase section */
		5E7098C826077CA100CCBEE4 /* Frameworks */ = {
			isa = PBXFrameworksBuildPhase;
			buildActionMask = 2147483647;
			files = (
			);
			runOnlyForDeploymentPostprocessing = 0;
		};
/* End PBXFrameworksBuildPhase section */

/* Begin PBXGroup section */
		5E7098C226077CA100CCBEE4 = {
			isa = PBXGroup;
			children = (
				5E7098CE26077CA100CCBEE4 /* main.c */,
				5E713CCE26092CF7005C1585 /* Info */,
				5E713CCD26092CE8005C1585 /* pnm */,
				5E7098CD26077CA100CCBEE4 /* lfsr */,
				5E7098CC26077CA100CCBEE4 /* Products */,
			);
			sourceTree = "<group>";
		};
		5E7098CC26077CA100CCBEE4 /* Products */ = {
			isa = PBXGroup;
			children = (
				5E7098CB26077CA100CCBEE4 /* lfsr */,
			);
			name = Products;
			sourceTree = "<group>";
		};
		5E7098CD26077CA100CCBEE4 /* lfsr */ = {
			isa = PBXGroup;
			children = (
				5E7098D726077CBF00CCBEE4 /* lfsr.h */,
				5E7098D826077CBF00CCBEE4 /* lfsr.c */,
			);
			path = lfsr;
			sourceTree = "<group>";
		};
		5E713CCD26092CE8005C1585 /* pnm */ = {
			isa = PBXGroup;
			children = (
				5E713CC926092CDA005C1585 /* pnm.c */,
				5E713CCA26092CDA005C1585 /* pnm.h */,
			);
			path = pnm;
			sourceTree = "<group>";
		};
		5E713CCE26092CF7005C1585 /* Info */ = {
			isa = PBXGroup;
			children = (
				5E7098D626077CAF00CCBEE4 /* chiffrement(2).pdf */,
			);
			path = Info;
			sourceTree = "<group>";
		};
/* End PBXGroup section */

/* Begin PBXNativeTarget section */
		5E7098CA26077CA100CCBEE4 /* lfsr */ = {
			isa = PBXNativeTarget;
			buildConfigurationList = 5E7098D226077CA100CCBEE4 /* Build configuration list for PBXNativeTarget "lfsr" */;
			buildPhases = (
				5E7098C726077CA100CCBEE4 /* Sources */,
				5E7098C826077CA100CCBEE4 /* Frameworks */,
				5E7098C926077CA100CCBEE4 /* CopyFiles */,
			);
			buildRules = (
			);
			dependencies = (
			);
			name = lfsr;
			productName = lfsr;
			productReference = 5E7098CB26077CA100CCBEE4 /* lfsr */;
			productType = "com.apple.product-type.tool";
		};
/* End PBXNativeTarget section */

/* Begin PBXProject section */
		5E7098C326077CA100CCBEE4 /* Project object */ = {
			isa = PBXProject;
			attributes = {
				LastUpgradeCheck = 1240;
				TargetAttributes = {
					5E7098CA26077CA100CCBEE4 = {
						CreatedOnToolsVersion = 12.4;
					};
				};
			};
			buildConfigurationList = 5E7098C626077CA100CCBEE4 /* Build configuration list for PBXProject "lfsr" */;
			compatibilityVersion = "Xcode 9.3";
			developmentRegion = en;
			hasScannedForEncodings = 0;
			knownRegions = (
				en,
				Base,
			);
			mainGroup = 5E7098C226077CA100CCBEE4;
			productRefGroup = 5E7098CC26077CA100CCBEE4 /* Products */;
			projectDirPath = "";
			projectRoot = "";
			targets = (
				5E7098CA26077CA100CCBEE4 /* lfsr */,
			);
		};
/* End PBXProject section */

/* Begin PBXSourcesBuildPhase section */
		5E7098C726077CA100CCBEE4 /* Sources */ = {
			isa = PBXSourcesBuildPhase;
			buildActionMask = 2147483647;
			files = (
				5E713CCB26092CDA005C1585 /* pnm.c in Sources */,
				5E7098D926077CBF00CCBEE4 /* lfsr.c in Sources */,
				5E7098CF26077CA100CCBEE4 /* main.c in Sources */,
			);
			runOnlyForDeploymentPostprocessing = 0;
		};
/* End PBXSourcesBuildPhase section */

/* Begin XCBuildConfiguration section */
		5E7098D026077CA100CCBEE4 /* Debug */ = {
			isa = XCBuildConfiguration;
			buildSettings = {
				ALWAYS_SEARCH_USER_PATHS = NO;
				CLANG_ANALYZER_NONNULL = YES;
				CLANG_ANALYZER_NUMBER_OBJECT_CONVERSION = YES_AGGRESSIVE;
				CLANG_CXX_LANGUAGE_STANDARD = "gnu++14";
				CLANG_CXX_LIBRARY = "libc++";
				CLANG_ENABLE_MODULES = YES;
				CLANG_ENABLE_OBJC_ARC = YES;
				CLANG_ENABLE_OBJC_WEAK = YES;
				CLANG_WARN_BLOCK_CAPTURE_AUTORELEASING = YES;
				CLANG_WARN_BOOL_CONVERSION = YES;
				CLANG_WARN_COMMA = YES;
				CLANG_WARN_CONSTANT_CONVERSION = YES;
				CLANG_WARN_DEPRECATED_OBJC_IMPLEMENTATIONS = YES;
				CLANG_WARN_DIRECT_OBJC_ISA_USAGE = YES_ERROR;
				CLANG_WARN_DOCUMENTATION_COMMENTS = YES;
				CLANG_WARN_EMPTY_BODY = YES;
				CLANG_WARN_ENUM_CONVERSION = YES;
				CLANG_WARN_INFINITE_RECURSION = YES;
				CLANG_WARN_INT_CONVERSION = YES;
				CLANG_WARN_NON_LITERAL_NULL_CONVERSION = YES;
				CLANG_WARN_OBJC_IMPLICIT_RETAIN_SELF = YES;
				CLANG_WARN_OBJC_LITERAL_CONVERSION = YES;
				CLANG_WARN_OBJC_ROOT_CLASS = YES_ERROR;
				CLANG_WARN_QUOTED_INCLUDE_IN_FRAMEWORK_HEADER = YES;
				CLANG_WARN_RANGE_LOOP_ANALYSIS = YES;
				CLANG_WARN_STRICT_PROTOTYPES = YES;
				CLANG_WARN_SUSPICIOUS_MOVE = YES;
				CLANG_WARN_UNGUARDED_AVAILABILITY = YES_AGGRESSIVE;
				CLANG_WARN_UNREACHABLE_CODE = YES;
				CLANG_WARN__DUPLICATE_METHOD_MATCH = YES;
				COPY_PHASE_STRIP = NO;
				DEBUG_INFORMATION_FORMAT = dwarf;
				ENABLE_STRICT_OBJC_MSGSEND = YES;
				ENABLE_TESTABILITY = YES;
				GCC_C_LANGUAGE_STANDARD = gnu11;
				GCC_DYNAMIC_NO_PIC = NO;
				GCC_NO_COMMON_BLOCKS = YES;
				GCC_OPTIMIZATION_LEVEL = 0;
				GCC_PREPROCESSOR_DEFINITIONS = (
					"DEBUG=1",
					"$(inherited)",
				);
				GCC_WARN_64_TO_32_BIT_CONVERSION = YES;
				GCC_WARN_ABOUT_RETURN_TYPE = YES_ERROR;
				GCC_WARN_UNDECLARED_SELECTOR = YES;
				GCC_WARN_UNINITIALIZED_AUTOS = YES_AGGRESSIVE;
				GCC_WARN_UNUSED_FUNCTION = YES;
				GCC_WARN_UNUSED_VARIABLE = YES;
				MACOSX_DEPLOYMENT_TARGET = 10.15;
				MTL_ENABLE_DEBUG_INFO = INCLUDE_SOURCE;
				MTL_FAST_MATH = YES;
				ONLY_ACTIVE_ARCH = YES;
				SDKROOT = macosx;
			};
			name = Debug;
		};
		5E7098D126077CA100CCBEE4 /* Release */ = {
			isa = XCBuildConfiguration;
			buildSettings = {
				ALWAYS_SEARCH_USER_PATHS = NO;
				CLANG_ANALYZER_NONNULL = YES;
				CLANG_ANALYZER_NUMBER_OBJECT_CONVERSION = YES_AGGRESSIVE;
				CLANG_CXX_LANGUAGE_STANDARD = "gnu++14";
				CLANG_CXX_LIBRARY = "libc++";
				CLANG_ENABLE_MODULES = YES;
				CLANG_ENABLE_OBJC_ARC = YES;
				CLANG_ENABLE_OBJC_WEAK = YES;
				CLANG_WARN_BLOCK_CAPTURE_AUTORELEASING = YES;
				CLANG_WARN_BOOL_CONVERSION = YES;
				CLANG_WARN_COMMA = YES;
				CLANG_WARN_CONSTANT_CONVERSION = YES;
				CLANG_WARN_DEPRECATED_OBJC_IMPLEMENTATIONS = YES;
				CLANG_WARN_DIRECT_OBJC_ISA_USAGE = YES_ERROR;
				CLANG_WARN_DOCUMENTATION_COMMENTS = YES;
				CLANG_WARN_EMPTY_BODY = YES;
				CLANG_WARN_ENUM_CONVERSION = YES;
				CLANG_WARN_INFINITE_RECURSION = YES;
				CLANG_WARN_INT_CONVERSION = YES;
				CLANG_WARN_NON_LITERAL_NULL_CONVERSION = YES;
				CLANG_WARN_OBJC_IMPLICIT_RETAIN_SELF = YES;
				CLANG_WARN_OBJC_LITERAL_CONVERSION = YES;
				CLANG_WARN_OBJC_ROOT_CLASS = YES_ERROR;
				CLANG_WARN_QUOTED_INCLUDE_IN_FRAMEWORK_HEADER = YES;
				CLANG_WARN_RANGE_LOOP_ANALYSIS = YES;
				CLANG_WARN_STRICT_PROTOTYPES = YES;
				CLANG_WARN_SUSPICIOUS_MOVE = YES;
				CLANG_WARN_UNGUARDED_AVAILABILITY = YES_AGGRESSIVE;
				CLANG_WARN_UNREACHABLE_CODE = YES;
				CLANG_WARN__DUPLICATE_METHOD_MATCH = YES;
				COPY_PHASE_STRIP = NO;
				DEBUG_INFORMATION_FORMAT = "dwarf-with-dsym";
				ENABLE_NS_ASSERTIONS = NO;
				ENABLE_STRICT_OBJC_MSGSEND = YES;
				GCC_C_LANGUAGE_STANDARD = gnu11;
				GCC_NO_COMMON_BLOCKS = YES;
				GCC_WARN_64_TO_32_BIT_CONVERSION = YES;
				GCC_WARN_ABOUT_RETURN_TYPE = YES_ERROR;
				GCC_WARN_UNDECLARED_SELECTOR = YES;
				GCC_WARN_UNINITIALIZED_AUTOS = YES_AGGRESSIVE;
				GCC_WARN_UNUSED_FUNCTION = YES;
				GCC_WARN_UNUSED_VARIABLE = YES;
				MACOSX_DEPLOYMENT_TARGET = 10.15;
				MTL_ENABLE_DEBUG_INFO = NO;
				MTL_FAST_MATH = YES;
				SDKROOT = macosx;
			};
			name = Release;
		};
		5E7098D326077CA100CCBEE4 /* Debug */ = {
			isa = XCBuildConfiguration;
			buildSettings = {
				CODE_SIGN_STYLE = Automatic;
				PRODUCT_NAME = "$(TARGET_NAME)";
			};
			name = Debug;
		};
		5E7098D426077CA100CCBEE4 /* Release */ = {
			isa = XCBuildConfiguration;
			buildSettings = {
				CODE_SIGN_STYLE = Automatic;
				PRODUCT_NAME = "$(TARGET_NAME)";
			};
			name = Release;
		};
/* End XCBuildConfiguration section */

/* Begin XCConfigurationList section */
		5E7098C626077CA100CCBEE4 /* Build configuration list for PBXProject "lfsr" */ = {
			isa = XCConfigurationList;
			buildConfigurations = (
				5E7098D026077CA100CCBEE4 /* Debug */,
				5E7098D126077CA100CCBEE4 /* Release */,
			);
			defaultConfigurationIsVisible = 0;
			defaultConfigurationName = Release;
		};
		5E7098D226077CA100CCBEE4 /* Build configuration list for PBXNativeTarget "lfsr" */ = {
			isa = XCConfigurationList;
			buildConfigurations = (
				5E7098D326077CA100CCBEE4 /* Debug */,
				5E7098D426077CA100CCBEE4 /* Release */,
			);
			defaultConfigurationIsVisible = 0;
			defaultConfigurationName = Release;
		};
/* End XCConfigurationList section */
	};
	rootObject = 5E7098C326077CA100CCBEE4 /* Project object */;
}
